
Microsoft Visual Studio Solution File, Format Version 12.00
# Visual Studio Version 17
VisualStudioVersion = 17.8.34330.188
MinimumVisualStudioVersion = 10.0.40219.1
Project("{FAE04EC0-301F-11D3-BF4B-00C04F79EFBC}") = "RevisaoProva", "RevisaoProva\RevisaoProva.csproj", "{165B5F69-A85B-4397-A019-D964A1413B42}"
EndProject
Global
	GlobalSection(SolutionConfigurationPlatforms) = preSolution
		Debug|Any CPU = Debug|Any CPU
		Release|Any CPU = Release|Any CPU
	EndGlobalSection
	GlobalSection(ProjectConfigurationPlatforms) = postSolution
		{165B5F69-A85B-4397-A019-D964A1413B42}.Debug|Any CPU.ActiveCfg = Debug|Any CPU
		{165B5F69-A85B-4397-A019-D964A1413B42}.Debug|Any CPU.Build.0 = Debug|Any CPU
		{165B5F69-A85B-4397-A019-D964A1413B42}.Release|Any CPU.ActiveCfg = Release|Any CPU
		{165B5F69-A85B-4397-A019-D964A1413B42}.Release|Any CPU.Build.0 = Release|Any CPU
	EndGlobalSection
	GlobalSection(SolutionProperties) = preSolution
		HideSolutionNode = FALSE
	EndGlobalSection
	GlobalSection(ExtensibilityGlobals) = postSolution
		SolutionGuid = {0F9BA9F5-6453-44AA-B520-CFA627AF37DC}
	EndGlobalSection
EndGlobal
